
Microsoft Visual Studio Solution File, Format Version 12.00
# Visual Studio Version 17
VisualStudioVersion = 17.5.33424.131
MinimumVisualStudioVersion = 10.0.40219.1
Project("{54A90642-561A-4BB1-A94E-469ADEE60C69}") = "ProEventosAngular", "ProEventosAngular.esproj", "{4797DD33-8F76-4581-B16E-EFF8C6E08D09}"
EndProject
Global
	GlobalSection(SolutionConfigurationPlatforms) = preSolution
		Debug|Any CPU = Debug|Any CPU
		Release|Any CPU = Release|Any CPU
	EndGlobalSection
	GlobalSection(ProjectConfigurationPlatforms) = postSolution
		{4797DD33-8F76-4581-B16E-EFF8C6E08D09}.Debug|Any CPU.ActiveCfg = Debug|Any CPU
		{4797DD33-8F76-4581-B16E-EFF8C6E08D09}.Debug|Any CPU.Build.0 = Debug|Any CPU
		{4797DD33-8F76-4581-B16E-EFF8C6E08D09}.Debug|Any CPU.Deploy.0 = Debug|Any CPU
		{4797DD33-8F76-4581-B16E-EFF8C6E08D09}.Release|Any CPU.ActiveCfg = Release|Any CPU
		{4797DD33-8F76-4581-B16E-EFF8C6E08D09}.Release|Any CPU.Build.0 = Release|Any CPU
		{4797DD33-8F76-4581-B16E-EFF8C6E08D09}.Release|Any CPU.Deploy.0 = Release|Any CPU
	EndGlobalSection
	GlobalSection(SolutionProperties) = preSolution
		HideSolutionNode = FALSE
	EndGlobalSection
	GlobalSection(ExtensibilityGlobals) = postSolution
		SolutionGuid = {634E7497-5D36-4C53-90CA-2F0FDD83A9F6}
	EndGlobalSection
EndGlobal
